// !$*UTF8*$!
{
	archiveVersion = 1;
	classes = {
	};
	objectVersion = 46;
	objects = {

/* Begin PBXBuildFile section */
		692053DB1ED3B17C00329F6A /* AppDelegate.swift in Sources */ = {isa = PBXBuildFile; fileRef = 692053DA1ED3B17C00329F6A /* AppDelegate.swift */; };
		692053DD1ED3B17C00329F6A /* WeatherVC.swift in Sources */ = {isa = PBXBuildFile; fileRef = 692053DC1ED3B17C00329F6A /* WeatherVC.swift */; };
		692053E01ED3B17C00329F6A /* Main.storyboard in Resources */ = {isa = PBXBuildFile; fileRef = 692053DE1ED3B17C00329F6A /* Main.storyboard */; };
		692053E21ED3B17C00329F6A /* Assets.xcassets in Resources */ = {isa = PBXBuildFile; fileRef = 692053E11ED3B17C00329F6A /* Assets.xcassets */; };
		692053E51ED3B17C00329F6A /* LaunchScreen.storyboard in Resources */ = {isa = PBXBuildFile; fileRef = 692053E31ED3B17C00329F6A /* LaunchScreen.storyboard */; };
		69BB73001ED3BEAE0083281F /* TableCell.swift in Sources */ = {isa = PBXBuildFile; fileRef = 69BB72FF1ED3BEAE0083281F /* TableCell.swift */; };
		69BB73021ED3C1910083281F /* Constants.swift in Sources */ = {isa = PBXBuildFile; fileRef = 69BB73011ED3C1910083281F /* Constants.swift */; };
		69BB73041ED3C3DE0083281F /* CurrentWeather.swift in Sources */ = {isa = PBXBuildFile; fileRef = 69BB73031ED3C3DE0083281F /* CurrentWeather.swift */; };
		69BB73061ED411EF0083281F /* Forecast.swift in Sources */ = {isa = PBXBuildFile; fileRef = 69BB73051ED411EF0083281F /* Forecast.swift */; };
		6FE494B8414C31DEAC71B252 /* Pods_Weather.framework in Frameworks */ = {isa = PBXBuildFile; fileRef = 439A2BCBE76AE4125F1745DF /* Pods_Weather.framework */; };
/* End PBXBuildFile section */

/* Begin PBXFileReference section */
		2B25DA36495990A690568638 /* Pods-Weather.debug.xcconfig */ = {isa = PBXFileReference; includeInIndex = 1; lastKnownFileType = text.xcconfig; name = "Pods-Weather.debug.xcconfig"; path = "Pods/Target Support Files/Pods-Weather/Pods-Weather.debug.xcconfig"; sourceTree = "<group>"; };
		439A2BCBE76AE4125F1745DF /* Pods_Weather.framework */ = {isa = PBXFileReference; explicitFileType = wrapper.framework; includeInIndex = 0; path = Pods_Weather.framework; sourceTree = BUILT_PRODUCTS_DIR; };
		692053D71ED3B17C00329F6A /* Weather.app */ = {isa = PBXFileReference; explicitFileType = wrapper.application; includeInIndex = 0; path = Weather.app; sourceTree = BUILT_PRODUCTS_DIR; };
		692053DA1ED3B17C00329F6A /* AppDelegate.swift */ = {isa = PBXFileReference; lastKnownFileType = sourcecode.swift; path = AppDelegate.swift; sourceTree = "<group>"; };
		692053DC1ED3B17C00329F6A /* WeatherVC.swift */ = {isa = PBXFileReference; lastKnownFileType = sourcecode.swift; path = WeatherVC.swift; sourceTree = "<group>"; };
		692053DF1ED3B17C00329F6A /* Base */ = {isa = PBXFileReference; lastKnownFileType = file.storyboard; name = Base; path = Base.lproj/Main.storyboard; sourceTree = "<group>"; };
		692053E11ED3B17C00329F6A /* Assets.xcassets */ = {isa = PBXFileReference; lastKnownFileType = folder.assetcatalog; path = Assets.xcassets; sourceTree = "<group>"; };
		692053E41ED3B17C00329F6A /* Base */ = {isa = PBXFileReference; lastKnownFileType = file.storyboard; name = Base; path = Base.lproj/LaunchScreen.storyboard; sourceTree = "<group>"; };
		692053E61ED3B17C00329F6A /* Info.plist */ = {isa = PBXFileReference; lastKnownFileType = text.plist.xml; path = Info.plist; sourceTree = "<group>"; };
		69BB72FF1ED3BEAE0083281F /* TableCell.swift */ = {isa = PBXFileReference; fileEncoding = 4; lastKnownFileType = sourcecode.swift; path = TableCell.swift; sourceTree = "<group>"; };
		69BB73011ED3C1910083281F /* Constants.swift */ = {isa = PBXFileReference; fileEncoding = 4; lastKnownFileType = sourcecode.swift; path = Constants.swift; sourceTree = "<group>"; };
		69BB73031ED3C3DE0083281F /* CurrentWeather.swift */ = {isa = PBXFileReference; fileEncoding = 4; lastKnownFileType = sourcecode.swift; path = CurrentWeather.swift; sourceTree = "<group>"; };
		69BB73051ED411EF0083281F /* Forecast.swift */ = {isa = PBXFileReference; fileEncoding = 4; lastKnownFileType = sourcecode.swift; path = Forecast.swift; sourceTree = "<group>"; };
		DFC0F8A1A118BBE86DC671EF /* Pods-Weather.release.xcconfig */ = {isa = PBXFileReference; includeInIndex = 1; lastKnownFileType = text.xcconfig; name = "Pods-Weather.release.xcconfig"; path = "Pods/Target Support Files/Pods-Weather/Pods-Weather.release.xcconfig"; sourceTree = "<group>"; };
/* End PBXFileReference section */

/* Begin PBXFrameworksBuildPhase section */
		692053D41ED3B17C00329F6A /* Frameworks */ = {
			isa = PBXFrameworksBuildPhase;
			buildActionMask = 2147483647;
			files = (
				6FE494B8414C31DEAC71B252 /* Pods_Weather.framework in Frameworks */,
			);
			runOnlyForDeploymentPostprocessing = 0;
		};
/* End PBXFrameworksBuildPhase section */

/* Begin PBXGroup section */
		2C0E79D5E564733236C3F5A6 /* Pods */ = {
			isa = PBXGroup;
			children = (
				2B25DA36495990A690568638 /* Pods-Weather.debug.xcconfig */,
				DFC0F8A1A118BBE86DC671EF /* Pods-Weather.release.xcconfig */,
			);
			name = Pods;
			sourceTree = "<group>";
		};
		692053CE1ED3B17C00329F6A = {
			isa = PBXGroup;
			children = (
				692053D91ED3B17C00329F6A /* Weather */,
				692053D81ED3B17C00329F6A /* Products */,
				2C0E79D5E564733236C3F5A6 /* Pods */,
				6E9BF1EB0023FFB45EC15BF1 /* Frameworks */,
			);
			sourceTree = "<group>";
		};
		692053D81ED3B17C00329F6A /* Products */ = {
			isa = PBXGroup;
			children = (
				692053D71ED3B17C00329F6A /* Weather.app */,
			);
			name = Products;
			sourceTree = "<group>";
		};
		692053D91ED3B17C00329F6A /* Weather */ = {
			isa = PBXGroup;
			children = (
				692053DA1ED3B17C00329F6A /* AppDelegate.swift */,
				692053DC1ED3B17C00329F6A /* WeatherVC.swift */,
				692053DE1ED3B17C00329F6A /* Main.storyboard */,
				692053E11ED3B17C00329F6A /* Assets.xcassets */,
				692053E31ED3B17C00329F6A /* LaunchScreen.storyboard */,
				692053E61ED3B17C00329F6A /* Info.plist */,
				69BB72FF1ED3BEAE0083281F /* TableCell.swift */,
				69BB73011ED3C1910083281F /* Constants.swift */,
				69BB73031ED3C3DE0083281F /* CurrentWeather.swift */,
				69BB73051ED411EF0083281F /* Forecast.swift */,
			);
			path = Weather;
			sourceTree = "<group>";
		};
		6E9BF1EB0023FFB45EC15BF1 /* Frameworks */ = {
			isa = PBXGroup;
			children = (
				439A2BCBE76AE4125F1745DF /* Pods_Weather.framework */,
			);
			name = Frameworks;
			sourceTree = "<group>";
		};
/* End PBXGroup section */

/* Begin PBXNativeTarget section */
		692053D61ED3B17C00329F6A /* Weather */ = {
			isa = PBXNativeTarget;
			buildConfigurationList = 692053E91ED3B17C00329F6A /* Build configuration list for PBXNativeTarget "Weather" */;
			buildPhases = (
				2D31B6A6524B277AB415442F /* [CP] Check Pods Manifest.lock */,
				692053D31ED3B17C00329F6A /* Sources */,
				692053D41ED3B17C00329F6A /* Frameworks */,
				692053D51ED3B17C00329F6A /* Resources */,
				5560CB5F384DF29832BD3B24 /* [CP] Embed Pods Frameworks */,
				A4BF33812112D97FD2F59957 /* [CP] Copy Pods Resources */,
			);
			buildRules = (
			);
			dependencies = (
			);
			name = Weather;
			productName = Weather;
			productReference = 692053D71ED3B17C00329F6A /* Weather.app */;
			productType = "com.apple.product-type.application";
		};
/* End PBXNativeTarget section */

/* Begin PBXProject section */
		692053CF1ED3B17C00329F6A /* Project object */ = {
			isa = PBXProject;
			attributes = {
				LastSwiftUpdateCheck = 0830;
				LastUpgradeCheck = 0830;
				ORGANIZATIONNAME = Jay;
				TargetAttributes = {
					692053D61ED3B17C00329F6A = {
						CreatedOnToolsVersion = 8.3.2;
						DevelopmentTeam = Y74AUF85T9;
						ProvisioningStyle = Automatic;
					};
				};
			};
			buildConfigurationList = 692053D21ED3B17C00329F6A /* Build configuration list for PBXProject "Weather" */;
			compatibilityVersion = "Xcode 3.2";
			developmentRegion = English;
			hasScannedForEncodings = 0;
			knownRegions = (
				en,
				Base,
			);
			mainGroup = 692053CE1ED3B17C00329F6A;
			productRefGroup = 692053D81ED3B17C00329F6A /* Products */;
			projectDirPath = "";
			projectRoot = "";
			targets = (
				692053D61ED3B17C00329F6A /* Weather */,
			);
		};
/* End PBXProject section */

/* Begin PBXResourcesBuildPhase section */
		692053D51ED3B17C00329F6A /* Resources */ = {
			isa = PBXResourcesBuildPhase;
			buildActionMask = 2147483647;
			files = (
				692053E51ED3B17C00329F6A /* LaunchScreen.storyboard in Resources */,
				692053E21ED3B17C00329F6A /* Assets.xcassets in Resources */,
				692053E01ED3B17C00329F6A /* Main.storyboard in Resources */,
			);
			runOnlyForDeploymentPostprocessing = 0;
		};
/* End PBXResourcesBuildPhase section */

/* Begin PBXShellScriptBuildPhase section */
		2D31B6A6524B277AB415442F /* [CP] Check Pods Manifest.lock */ = {
			isa = PBXShellScriptBuildPhase;
			buildActionMask = 2147483647;
			files = (
			);
			inputPaths = (
			);
			name = "[CP] Check Pods Manifest.lock";
			outputPaths = (
			);
			runOnlyForDeploymentPostprocessing = 0;
			shellPath = /bin/sh;
			shellScript = "diff \"${PODS_PODFILE_DIR_PATH}/Podfile.lock\" \"${PODS_ROOT}/Manifest.lock\" > /dev/null\nif [ $? != 0 ] ; then\n    # print error to STDERR\n    echo \"error: The sandbox is not in sync with the Podfile.lock. Run 'pod install' or update your CocoaPods installation.\" >&2\n    exit 1\nfi\n";
			showEnvVarsInLog = 0;
		};
		5560CB5F384DF29832BD3B24 /* [CP] Embed Pods Frameworks */ = {
			isa = PBXShellScriptBuildPhase;
			buildActionMask = 2147483647;
			files = (
			);
			inputPaths = (
			);
			name = "[CP] Embed Pods Frameworks";
			outputPaths = (
			);
			runOnlyForDeploymentPostprocessing = 0;
			shellPath = /bin/sh;
			shellScript = "\"${SRCROOT}/Pods/Target Support Files/Pods-Weather/Pods-Weather-frameworks.sh\"\n";
			showEnvVarsInLog = 0;
		};
		A4BF33812112D97FD2F59957 /* [CP] Copy Pods Resources */ = {
			isa = PBXShellScriptBuildPhase;
			buildActionMask = 2147483647;
			files = (
			);
			inputPaths = (
			);
			name = "[CP] Copy Pods Resources";
			outputPaths = (
			);
			runOnlyForDeploymentPostprocessing = 0;
			shellPath = /bin/sh;
			shellScript = "\"${SRCROOT}/Pods/Target Support Files/Pods-Weather/Pods-Weather-resources.sh\"\n";
			showEnvVarsInLog = 0;
		};
/* End PBXShellScriptBuildPhase section */

/* Begin PBXSourcesBuildPhase section */
		692053D31ED3B17C00329F6A /* Sources */ = {
			isa = PBXSourcesBuildPhase;
			buildActionMask = 2147483647;
			files = (
				692053DD1ED3B17C00329F6A /* WeatherVC.swift in Sources */,
				69BB73041ED3C3DE0083281F /* CurrentWeather.swift in Sources */,
				692053DB1ED3B17C00329F6A /* AppDelegate.swift in Sources */,
				69BB73001ED3BEAE0083281F /* TableCell.swift in Sources */,
				69BB73061ED411EF0083281F /* Forecast.swift in Sources */,
				69BB73021ED3C1910083281F /* Constants.swift in Sources */,
			);
			runOnlyForDeploymentPostprocessing = 0;
		};
/* End PBXSourcesBuildPhase section */

/* Begin PBXVariantGroup section */
		692053DE1ED3B17C00329F6A /* Main.storyboard */ = {
			isa = PBXVariantGroup;
			children = (
				692053DF1ED3B17C00329F6A /* Base */,
			);
			name = Main.storyboard;
			sourceTree = "<group>";
		};
		692053E31ED3B17C00329F6A /* LaunchScreen.storyboard */ = {
			isa = PBXVariantGroup;
			children = (
				692053E41ED3B17C00329F6A /* Base */,
			);
			name = LaunchScreen.storyboard;
			sourceTree = "<group>";
		};
/* End PBXVariantGroup section */

/* Begin XCBuildConfiguration section */
		692053E71ED3B17C00329F6A /* Debug */ = {
			isa = XCBuildConfiguration;
			buildSettings = {
				ALWAYS_SEARCH_USER_PATHS = NO;
				CLANG_ANALYZER_NONNULL = YES;
				CLANG_ANALYZER_NUMBER_OBJECT_CONVERSION = YES_AGGRESSIVE;
				CLANG_CXX_LANGUAGE_STANDARD = "gnu++0x";
				CLANG_CXX_LIBRARY = "libc++";
				CLANG_ENABLE_MODULES = YES;
				CLANG_ENABLE_OBJC_ARC = YES;
				CLANG_WARN_BOOL_CONVERSION = YES;
				CLANG_WARN_CONSTANT_CONVERSION = YES;
				CLANG_WARN_DIRECT_OBJC_ISA_USAGE = YES_ERROR;
				CLANG_WARN_DOCUMENTATION_COMMENTS = YES;
				CLANG_WARN_EMPTY_BODY = YES;
				CLANG_WARN_ENUM_CONVERSION = YES;
				CLANG_WARN_INFINITE_RECURSION = YES;
				CLANG_WARN_INT_CONVERSION = YES;
				CLANG_WARN_OBJC_ROOT_CLASS = YES_ERROR;
				CLANG_WARN_SUSPICIOUS_MOVE = YES;
				CLANG_WARN_UNREACHABLE_CODE = YES;
				CLANG_WARN__DUPLICATE_METHOD_MATCH = YES;
				"CODE_SIGN_IDENTITY[sdk=iphoneos*]" = "iPhone Developer";
				COPY_PHASE_STRIP = NO;
				DEBUG_INFORMATION_FORMAT = dwarf;
				ENABLE_STRICT_OBJC_MSGSEND = YES;
				ENABLE_TESTABILITY = YES;
				GCC_C_LANGUAGE_STANDARD = gnu99;
				GCC_DYNAMIC_NO_PIC = NO;
				GCC_NO_COMMON_BLOCKS = YES;
				GCC_OPTIMIZATION_LEVEL = 0;
				GCC_PREPROCESSOR_DEFINITIONS = (
					"DEBUG=1",
					"$(inherited)",
				);
				GCC_WARN_64_TO_32_BIT_CONVERSION = YES;
				GCC_WARN_ABOUT_RETURN_TYPE = YES_ERROR;
				GCC_WARN_UNDECLARED_SELECTOR = YES;
				GCC_WARN_UNINITIALIZED_AUTOS = YES_AGGRESSIVE;
				GCC_WARN_UNUSED_FUNCTION = YES;
				GCC_WARN_UNUSED_VARIABLE = YES;
				IPHONEOS_DEPLOYMENT_TARGET = 10.3;
				MTL_ENABLE_DEBUG_INFO = YES;
				ONLY_ACTIVE_ARCH = YES;
				SDKROOT = iphoneos;
				SWIFT_ACTIVE_COMPILATION_CONDITIONS = DEBUG;
				SWIFT_OPTIMIZATION_LEVEL = "-Onone";
				TARGETED_DEVICE_FAMILY = "1,2";
			};
			name = Debug;
		};
		692053E81ED3B17C00329F6A /* Release */ = {
			isa = XCBuildConfiguration;
			buildSettings = {
				ALWAYS_SEARCH_USER_PATHS = NO;
				CLANG_ANALYZER_NONNULL = YES;
				CLANG_ANALYZER_NUMBER_OBJECT_CONVERSION = YES_AGGRESSIVE;
				CLANG_CXX_LANGUAGE_STANDARD = "gnu++0x";
				CLANG_CXX_LIBRARY = "libc++";
				CLANG_ENABLE_MODULES = YES;
				CLANG_ENABLE_OBJC_ARC = YES;
				CLANG_WARN_BOOL_CONVERSION = YES;
				CLANG_WARN_CONSTANT_CONVERSION = YES;
				CLANG_WARN_DIRECT_OBJC_ISA_USAGE = YES_ERROR;
				CLANG_WARN_DOCUMENTATION_COMMENTS = YES;
				CLANG_WARN_EMPTY_BODY = YES;
				CLANG_WARN_ENUM_CONVERSION = YES;
				CLANG_WARN_INFINITE_RECURSION = YES;
				CLANG_WARN_INT_CONVERSION = YES;
				CLANG_WARN_OBJC_ROOT_CLASS = YES_ERROR;
				CLANG_WARN_SUSPICIOUS_MOVE = YES;
				CLANG_WARN_UNREACHABLE_CODE = YES;
				CLANG_WARN__DUPLICATE_METHOD_MATCH = YES;
				"CODE_SIGN_IDENTITY[sdk=iphoneos*]" = "iPhone Developer";
				COPY_PHASE_STRIP = NO;
				DEBUG_INFORMATION_FORMAT = "dwarf-with-dsym";
				ENABLE_NS_ASSERTIONS = NO;
				ENABLE_STRICT_OBJC_MSGSEND = YES;
				GCC_C_LANGUAGE_STANDARD = gnu99;
				GCC_NO_COMMON_BLOCKS = YES;
				GCC_WARN_64_TO_32_BIT_CONVERSION = YES;
				GCC_WARN_ABOUT_RETURN_TYPE = YES_ERROR;
				GCC_WARN_UNDECLARED_SELECTOR = YES;
				GCC_WARN_UNINITIALIZED_AUTOS = YES_AGGRESSIVE;
				GCC_WARN_UNUSED_FUNCTION = YES;
				GCC_WARN_UNUSED_VARIABLE = YES;
				IPHONEOS_DEPLOYMENT_TARGET = 10.3;
				MTL_ENABLE_DEBUG_INFO = NO;
				SDKROOT = iphoneos;
				SWIFT_OPTIMIZATION_LEVEL = "-Owholemodule";
				TARGETED_DEVICE_FAMILY = "1,2";
				VALIDATE_PRODUCT = YES;
			};
			name = Release;
		};
		692053EA1ED3B17C00329F6A /* Debug */ = {
			isa = XCBuildConfiguration;
			baseConfigurationReference = 2B25DA36495990A690568638 /* Pods-Weather.debug.xcconfig */;
			buildSettings = {
				ASSETCATALOG_COMPILER_APPICON_NAME = AppIcon;
				DEVELOPMENT_TEAM = Y74AUF85T9;
				INFOPLIST_FILE = Weather/Info.plist;
				LD_RUNPATH_SEARCH_PATHS = "$(inherited) @executable_path/Frameworks";
				PRODUCT_BUNDLE_IDENTIFIER = com.jaypatel.Weather;
				PRODUCT_NAME = "$(TARGET_NAME)";
				SWIFT_VERSION = 3.0;
			};
			name = Debug;
		};
		692053EB1ED3B17C00329F6A /* Release */ = {
			isa = XCBuildConfiguration;
			baseConfigurationReference = DFC0F8A1A118BBE86DC671EF /* Pods-Weather.release.xcconfig */;
			buildSettings = {
				ASSETCATALOG_COMPILER_APPICON_NAME = AppIcon;
				DEVELOPMENT_TEAM = Y74AUF85T9;
				INFOPLIST_FILE = Weather/Info.plist;
				LD_RUNPATH_SEARCH_PATHS = "$(inherited) @executable_path/Frameworks";
				PRODUCT_BUNDLE_IDENTIFIER = com.jaypatel.Weather;
				PRODUCT_NAME = "$(TARGET_NAME)";
				SWIFT_VERSION = 3.0;
			};
			name = Release;
		};
/* End XCBuildConfiguration section */

/* Begin XCConfigurationList section */
		692053D21ED3B17C00329F6A /* Build configuration list for PBXProject "Weather" */ = {
			isa = XCConfigurationList;
			buildConfigurations = (
				692053E71ED3B17C00329F6A /* Debug */,
				692053E81ED3B17C00329F6A /* Release */,
			);
			defaultConfigurationIsVisible = 0;
			defaultConfigurationName = Release;
		};
		692053E91ED3B17C00329F6A /* Build configuration list for PBXNativeTarget "Weather" */ = {
			isa = XCConfigurationList;
			buildConfigurations = (
				692053EA1ED3B17C00329F6A /* Debug */,
				692053EB1ED3B17C00329F6A /* Release */,
			);
			defaultConfigurationIsVisible = 0;
			defaultConfigurationName = Release;
		};
/* End XCConfigurationList section */
	};
	rootObject = 692053CF1ED3B17C00329F6A /* Project object */;
}
